
Microsoft Visual Studio Solution File, Format Version 12.00
# Visual Studio Version 17
VisualStudioVersion = 17.9.34714.143
MinimumVisualStudioVersion = 10.0.40219.1
Project("{FAE04EC0-301F-11D3-BF4B-00C04F79EFBC}") = "TF_Net2024_DemoEntity", "TF_Net2024_DemoEntity.csproj", "{2683D905-DCB0-4BD5-820A-F73BF7A5C67A}"
EndProject
Global
	GlobalSection(SolutionConfigurationPlatforms) = preSolution
		Debug|Any CPU = Debug|Any CPU
		Release|Any CPU = Release|Any CPU
	EndGlobalSection
	GlobalSection(ProjectConfigurationPlatforms) = postSolution
		{2683D905-DCB0-4BD5-820A-F73BF7A5C67A}.Debug|Any CPU.ActiveCfg = Debug|Any CPU
		{2683D905-DCB0-4BD5-820A-F73BF7A5C67A}.Debug|Any CPU.Build.0 = Debug|Any CPU
		{2683D905-DCB0-4BD5-820A-F73BF7A5C67A}.Release|Any CPU.ActiveCfg = Release|Any CPU
		{2683D905-DCB0-4BD5-820A-F73BF7A5C67A}.Release|Any CPU.Build.0 = Release|Any CPU
	EndGlobalSection
	GlobalSection(SolutionProperties) = preSolution
		HideSolutionNode = FALSE
	EndGlobalSection
	GlobalSection(ExtensibilityGlobals) = postSolution
		SolutionGuid = {2774F40B-D474-4CB3-9515-14AF5085CCC4}
	EndGlobalSection
EndGlobal
